observed_at=2026-09-08
core_runtime=CPython standard library; tested with the current execution runtime
arc_agents_repo=https://github.com/arcprize/ARC-AGI-3-Agents
arc_agents_main_commit=4743e7d0aaae0ded0d98a89a7e282e63564cd58b
arc_agents_agent_py_blob=50e3a03652226d2775779bfba90bc745256a44c5
arc_agents_random_template_blob=4a83ed9ac655b17217bbc32e57d186fe4ade1ac8
arc_docs_actions_blob=1f7f8080ebf860514565e412e5e0b40e66fc945f
arc_docs_create_agent_blob=8b04ee2c6bdcef98bb650d40f22fb32a05313262
competition=https://www.kaggle.com/competitions/arc-prize-2026-arc-agi-3/overview
organizer=https://arcprize.org/competitions/2026/arc-agi-3
arc_agi_toolkit_repo=https://github.com/arcprize/ARC-AGI
arc_agi_toolkit_main_commit=f12822c4d550121c35a275008d964afbbed47d2f
arc_agi_toolkit_pyproject_blob=c0990195416eb6d21efd1383c5e76cd65306ff78
arcengine_repo=https://github.com/arcprize/ARCEngine
arcengine_main_commit=b495c6acaf253c9681cd7b75c4299d352e9ce6f8
arcengine_pyproject_blob=089b8f729f8a3bd2de1ccbe3d9592acd0c99ec0f
arc_benchmark_repo=https://github.com/arcprize/arc-agi-3-benchmarking
arc_benchmark_main_commit=1aa78da7e3058e0ead572ede7cd97065d1e5befc
